
Microsoft Visual Studio Solution File, Format Version 12.00
# Visual Studio Version 17
VisualStudioVersion = 17.9.34902.65
MinimumVisualStudioVersion = 10.0.40219.1
Project("{FAE04EC0-301F-11D3-BF4B-00C04F79EFBC}") = "WAD_BACKEND_14718", "WAD_BACKEND_14718\WAD_BACKEND_14718.csproj", "{061A35E7-B7D7-41F5-89CC-A51170542099}"
EndProject
Global
	GlobalSection(SolutionConfigurationPlatforms) = preSolution
		Debug|Any CPU = Debug|Any CPU
		Release|Any CPU = Release|Any CPU
	EndGlobalSection
	GlobalSection(ProjectConfigurationPlatforms) = postSolution
		{061A35E7-B7D7-41F5-89CC-A51170542099}.Debug|Any CPU.ActiveCfg = Debug|Any CPU
		{061A35E7-B7D7-41F5-89CC-A51170542099}.Debug|Any CPU.Build.0 = Debug|Any CPU
		{061A35E7-B7D7-41F5-89CC-A51170542099}.Release|Any CPU.ActiveCfg = Release|Any CPU
		{061A35E7-B7D7-41F5-89CC-A51170542099}.Release|Any CPU.Build.0 = Release|Any CPU
	EndGlobalSection
	GlobalSection(SolutionProperties) = preSolution
		HideSolutionNode = FALSE
	EndGlobalSection
	GlobalSection(ExtensibilityGlobals) = postSolution
		SolutionGuid = {8CFB498A-8EAF-4BBD-99C5-C6451F378A67}
	EndGlobalSection
EndGlobal
